{
  "requires": true,
  "lockfileVersion": 1,
  "dependencies": {
    "@minui/wxc-loading": {
      "version": "1.0.2",
      "resolved": "https://registry.npmjs.org/@minui/wxc-loading/-/wxc-loading-1.0.2.tgz",
      "integrity": "sha512-e5CaekakJRpnZXMHX56daKQjt5/mqGzBOndyRJ9Wv8kljXB61s86bEBU1k6GJ83y5aoIs0aYLyCQ9K97hXw5Wg=="
    },
    "@minui/wxc-steps": {
      "version": "1.0.2",
      "resolved": "https://registry.npmjs.org/@minui/wxc-steps/-/wxc-steps-1.0.2.tgz",
      "integrity": "sha512-b20V0QWopjnuHj8bpVbsL7sKqUslLQ5+XgfVPT45VLidtXaL5j3YmxlfKE9rmO/ws4GbGciQVPbyGqiwnOsP9A=="
    }
  }
}
